
Microsoft Visual Studio Solution File, Format Version 12.00
# Visual Studio Version 17
VisualStudioVersion = 17.6.33829.357
MinimumVisualStudioVersion = 10.0.40219.1
Project("{FAE04EC0-301F-11D3-BF4B-00C04F79EFBC}") = "SearchHire.WebAPI", "SearchHire.WebAPI\SearchHire.WebAPI.csproj", "{AA1FB0C9-58E5-4EE9-BC45-22FE0F45F278}"
EndProject
Project("{FAE04EC0-301F-11D3-BF4B-00C04F79EFBC}") = "SearchHire.Data", "SearchHire.Data\SearchHire.Data.csproj", "{EF749AB2-5D36-4B23-819D-2E6979C60C98}"
EndProject
Global
	GlobalSection(SolutionConfigurationPlatforms) = preSolution
		Debug|Any CPU = Debug|Any CPU
		Release|Any CPU = Release|Any CPU
	EndGlobalSection
	GlobalSection(ProjectConfigurationPlatforms) = postSolution
		{AA1FB0C9-58E5-4EE9-BC45-22FE0F45F278}.Debug|Any CPU.ActiveCfg = Debug|Any CPU
		{AA1FB0C9-58E5-4EE9-BC45-22FE0F45F278}.Debug|Any CPU.Build.0 = Debug|Any CPU
		{AA1FB0C9-58E5-4EE9-BC45-22FE0F45F278}.Release|Any CPU.ActiveCfg = Release|Any CPU
		{AA1FB0C9-58E5-4EE9-BC45-22FE0F45F278}.Release|Any CPU.Build.0 = Release|Any CPU
		{EF749AB2-5D36-4B23-819D-2E6979C60C98}.Debug|Any CPU.ActiveCfg = Debug|Any CPU
		{EF749AB2-5D36-4B23-819D-2E6979C60C98}.Debug|Any CPU.Build.0 = Debug|Any CPU
		{EF749AB2-5D36-4B23-819D-2E6979C60C98}.Release|Any CPU.ActiveCfg = Release|Any CPU
		{EF749AB2-5D36-4B23-819D-2E6979C60C98}.Release|Any CPU.Build.0 = Release|Any CPU
	EndGlobalSection
	GlobalSection(SolutionProperties) = preSolution
		HideSolutionNode = FALSE
	EndGlobalSection
	GlobalSection(ExtensibilityGlobals) = postSolution
		SolutionGuid = {039EFE7E-C49F-4AA5-BAE2-4BD6775FF733}
	EndGlobalSection
EndGlobal
